
Microsoft Visual Studio Solution File, Format Version 12.00
# Visual Studio Version 17
VisualStudioVersion = 17.9.34607.119
MinimumVisualStudioVersion = 10.0.40219.1
Project("{FAE04EC0-301F-11D3-BF4B-00C04F79EFBC}") = "WpfApp1", "WpfApp1\WpfApp1.csproj", "{C65CE855-4AE2-4F02-ABF9-E575E96E7953}"
EndProject
Global
	GlobalSection(SolutionConfigurationPlatforms) = preSolution
		Debug|Any CPU = Debug|Any CPU
		Release|Any CPU = Release|Any CPU
	EndGlobalSection
	GlobalSection(ProjectConfigurationPlatforms) = postSolution
		{C65CE855-4AE2-4F02-ABF9-E575E96E7953}.Debug|Any CPU.ActiveCfg = Debug|Any CPU
		{C65CE855-4AE2-4F02-ABF9-E575E96E7953}.Debug|Any CPU.Build.0 = Debug|Any CPU
		{C65CE855-4AE2-4F02-ABF9-E575E96E7953}.Release|Any CPU.ActiveCfg = Release|Any CPU
		{C65CE855-4AE2-4F02-ABF9-E575E96E7953}.Release|Any CPU.Build.0 = Release|Any CPU
	EndGlobalSection
	GlobalSection(SolutionProperties) = preSolution
		HideSolutionNode = FALSE
	EndGlobalSection
	GlobalSection(ExtensibilityGlobals) = postSolution
		SolutionGuid = {E93EDA70-5DDA-40E8-B2FF-76972810CFDA}
	EndGlobalSection
EndGlobal
