
Microsoft Visual Studio Solution File, Format Version 12.00
# Visual Studio Version 17
VisualStudioVersion = 17.9.34607.119
MinimumVisualStudioVersion = 10.0.40219.1
Project("{FAE04EC0-301F-11D3-BF4B-00C04F79EFBC}") = "WebApplication1", "WebApplication1\WebApplication1.csproj", "{673D78C6-58A7-46B8-AD21-187B7B398D93}"
EndProject
Global
	GlobalSection(SolutionConfigurationPlatforms) = preSolution
		Debug|Any CPU = Debug|Any CPU
		Release|Any CPU = Release|Any CPU
	EndGlobalSection
	GlobalSection(ProjectConfigurationPlatforms) = postSolution
		{673D78C6-58A7-46B8-AD21-187B7B398D93}.Debug|Any CPU.ActiveCfg = Debug|Any CPU
		{673D78C6-58A7-46B8-AD21-187B7B398D93}.Debug|Any CPU.Build.0 = Debug|Any CPU
		{673D78C6-58A7-46B8-AD21-187B7B398D93}.Release|Any CPU.ActiveCfg = Release|Any CPU
		{673D78C6-58A7-46B8-AD21-187B7B398D93}.Release|Any CPU.Build.0 = Release|Any CPU
	EndGlobalSection
	GlobalSection(SolutionProperties) = preSolution
		HideSolutionNode = FALSE
	EndGlobalSection
	GlobalSection(ExtensibilityGlobals) = postSolution
		SolutionGuid = {4445519B-D347-4A89-98DE-4FBE2B41C3C4}
	EndGlobalSection
EndGlobal
