
Microsoft Visual Studio Solution File, Format Version 12.00
# Visual Studio Version 17
VisualStudioVersion = 17.10.35004.147
MinimumVisualStudioVersion = 10.0.40219.1
Project("{FAE04EC0-301F-11D3-BF4B-00C04F79EFBC}") = "WpfApp1", "WpfApp1\WpfApp1.csproj", "{5C3515B6-5CC9-446C-88EC-807B9DC5882C}"
EndProject
Global
	GlobalSection(SolutionConfigurationPlatforms) = preSolution
		Debug|Any CPU = Debug|Any CPU
		Release|Any CPU = Release|Any CPU
	EndGlobalSection
	GlobalSection(ProjectConfigurationPlatforms) = postSolution
		{5C3515B6-5CC9-446C-88EC-807B9DC5882C}.Debug|Any CPU.ActiveCfg = Debug|Any CPU
		{5C3515B6-5CC9-446C-88EC-807B9DC5882C}.Debug|Any CPU.Build.0 = Debug|Any CPU
		{5C3515B6-5CC9-446C-88EC-807B9DC5882C}.Release|Any CPU.ActiveCfg = Release|Any CPU
		{5C3515B6-5CC9-446C-88EC-807B9DC5882C}.Release|Any CPU.Build.0 = Release|Any CPU
	EndGlobalSection
	GlobalSection(SolutionProperties) = preSolution
		HideSolutionNode = FALSE
	EndGlobalSection
	GlobalSection(ExtensibilityGlobals) = postSolution
		SolutionGuid = {5AA621C9-B1FA-4A45-8EAC-CBC584C36999}
	EndGlobalSection
EndGlobal
