
Microsoft Visual Studio Solution File, Format Version 12.00
# Visual Studio Version 17
VisualStudioVersion = 17.8.34322.80
MinimumVisualStudioVersion = 10.0.40219.1
Project("{FAE04EC0-301F-11D3-BF4B-00C04F79EFBC}") = "WinFormsApp1", "WinFormsApp1\WinFormsApp1.csproj", "{7AB36809-4736-4820-B9C2-06E99FBF4C90}"
EndProject
Global
	GlobalSection(SolutionConfigurationPlatforms) = preSolution
		Debug|Any CPU = Debug|Any CPU
		Release|Any CPU = Release|Any CPU
	EndGlobalSection
	GlobalSection(ProjectConfigurationPlatforms) = postSolution
		{7AB36809-4736-4820-B9C2-06E99FBF4C90}.Debug|Any CPU.ActiveCfg = Debug|Any CPU
		{7AB36809-4736-4820-B9C2-06E99FBF4C90}.Debug|Any CPU.Build.0 = Debug|Any CPU
		{7AB36809-4736-4820-B9C2-06E99FBF4C90}.Release|Any CPU.ActiveCfg = Release|Any CPU
		{7AB36809-4736-4820-B9C2-06E99FBF4C90}.Release|Any CPU.Build.0 = Release|Any CPU
	EndGlobalSection
	GlobalSection(SolutionProperties) = preSolution
		HideSolutionNode = FALSE
	EndGlobalSection
	GlobalSection(ExtensibilityGlobals) = postSolution
		SolutionGuid = {C80C2A31-6582-4AB1-972F-7067A0931096}
	EndGlobalSection
EndGlobal
