
Microsoft Visual Studio Solution File, Format Version 12.00
# Visual Studio Version 17
VisualStudioVersion = 17.10.35004.147
MinimumVisualStudioVersion = 10.0.40219.1
Project("{FAE04EC0-301F-11D3-BF4B-00C04F79EFBC}") = "WpfApp2", "WpfApp2\WpfApp2.csproj", "{4E8EDEBF-B29C-408C-B84C-207D4D390370}"
EndProject
Global
	GlobalSection(SolutionConfigurationPlatforms) = preSolution
		Debug|Any CPU = Debug|Any CPU
		Release|Any CPU = Release|Any CPU
	EndGlobalSection
	GlobalSection(ProjectConfigurationPlatforms) = postSolution
		{4E8EDEBF-B29C-408C-B84C-207D4D390370}.Debug|Any CPU.ActiveCfg = Debug|Any CPU
		{4E8EDEBF-B29C-408C-B84C-207D4D390370}.Debug|Any CPU.Build.0 = Debug|Any CPU
		{4E8EDEBF-B29C-408C-B84C-207D4D390370}.Release|Any CPU.ActiveCfg = Release|Any CPU
		{4E8EDEBF-B29C-408C-B84C-207D4D390370}.Release|Any CPU.Build.0 = Release|Any CPU
	EndGlobalSection
	GlobalSection(SolutionProperties) = preSolution
		HideSolutionNode = FALSE
	EndGlobalSection
	GlobalSection(ExtensibilityGlobals) = postSolution
		SolutionGuid = {E9FC0A82-4B24-4A91-966A-FE455512D35B}
	EndGlobalSection
EndGlobal
