
Microsoft Visual Studio Solution File, Format Version 12.00
# Visual Studio Version 17
VisualStudioVersion = 17.10.35004.147
MinimumVisualStudioVersion = 10.0.40219.1
Project("{FAE04EC0-301F-11D3-BF4B-00C04F79EFBC}") = "ConsoleApp2", "ConsoleApp2\ConsoleApp2.csproj", "{69C7E552-3896-40A0-A6A3-6C9F1BA4A5A3}"
EndProject
Project("{FAE04EC0-301F-11D3-BF4B-00C04F79EFBC}") = "TestProject1", "TestProject1\TestProject1.csproj", "{C602B23F-826B-4BA3-8D67-B58E98FAA7C9}"
EndProject
Global
	GlobalSection(SolutionConfigurationPlatforms) = preSolution
		Debug|Any CPU = Debug|Any CPU
		Release|Any CPU = Release|Any CPU
	EndGlobalSection
	GlobalSection(ProjectConfigurationPlatforms) = postSolution
		{69C7E552-3896-40A0-A6A3-6C9F1BA4A5A3}.Debug|Any CPU.ActiveCfg = Debug|Any CPU
		{69C7E552-3896-40A0-A6A3-6C9F1BA4A5A3}.Debug|Any CPU.Build.0 = Debug|Any CPU
		{69C7E552-3896-40A0-A6A3-6C9F1BA4A5A3}.Release|Any CPU.ActiveCfg = Release|Any CPU
		{69C7E552-3896-40A0-A6A3-6C9F1BA4A5A3}.Release|Any CPU.Build.0 = Release|Any CPU
		{C602B23F-826B-4BA3-8D67-B58E98FAA7C9}.Debug|Any CPU.ActiveCfg = Debug|Any CPU
		{C602B23F-826B-4BA3-8D67-B58E98FAA7C9}.Debug|Any CPU.Build.0 = Debug|Any CPU
		{C602B23F-826B-4BA3-8D67-B58E98FAA7C9}.Release|Any CPU.ActiveCfg = Release|Any CPU
		{C602B23F-826B-4BA3-8D67-B58E98FAA7C9}.Release|Any CPU.Build.0 = Release|Any CPU
	EndGlobalSection
	GlobalSection(SolutionProperties) = preSolution
		HideSolutionNode = FALSE
	EndGlobalSection
	GlobalSection(ExtensibilityGlobals) = postSolution
		SolutionGuid = {40B4430F-B016-4D4F-99F7-84774BC54461}
	EndGlobalSection
EndGlobal
